
Microsoft Visual Studio Solution File, Format Version 12.00
# Visual Studio Version 17
VisualStudioVersion = 17.5.33516.290
MinimumVisualStudioVersion = 10.0.40219.1
Project("{8BC9CEB8-8B4A-11D0-8D11-00A0C91BC942}") = "作业", "作业\作业.vcxproj", "{39E30CD0-4DF8-4DC8-A794-FC7C90C7EF20}"
EndProject
Global
	GlobalSection(SolutionConfigurationPlatforms) = preSolution
		Debug|x64 = Debug|x64
		Debug|x86 = Debug|x86
		Release|x64 = Release|x64
		Release|x86 = Release|x86
	EndGlobalSection
	GlobalSection(ProjectConfigurationPlatforms) = postSolution
		{39E30CD0-4DF8-4DC8-A794-FC7C90C7EF20}.Debug|x64.ActiveCfg = Debug|x64
		{39E30CD0-4DF8-4DC8-A794-FC7C90C7EF20}.Debug|x64.Build.0 = Debug|x64
		{39E30CD0-4DF8-4DC8-A794-FC7C90C7EF20}.Debug|x86.ActiveCfg = Debug|Win32
		{39E30CD0-4DF8-4DC8-A794-FC7C90C7EF20}.Debug|x86.Build.0 = Debug|Win32
		{39E30CD0-4DF8-4DC8-A794-FC7C90C7EF20}.Release|x64.ActiveCfg = Release|x64
		{39E30CD0-4DF8-4DC8-A794-FC7C90C7EF20}.Release|x64.Build.0 = Release|x64
		{39E30CD0-4DF8-4DC8-A794-FC7C90C7EF20}.Release|x86.ActiveCfg = Release|Win32
		{39E30CD0-4DF8-4DC8-A794-FC7C90C7EF20}.Release|x86.Build.0 = Release|Win32
	EndGlobalSection
	GlobalSection(SolutionProperties) = preSolution
		HideSolutionNode = FALSE
	EndGlobalSection
	GlobalSection(ExtensibilityGlobals) = postSolution
		SolutionGuid = {1E494F62-0213-4E6A-9496-30133F231761}
	EndGlobalSection
EndGlobal
